# This file is generated by running "yarn install" inside your project.
# Manual changes might be lost - proceed with caution!

__metadata:
  version: 4
  cacheKey: 8

"@discordjs/builders@npm:^0.5.0":
  version: 0.5.0
  resolution: "@discordjs/builders@npm:0.5.0"
  dependencies:
    "@sindresorhus/is": ^4.0.1
    discord-api-types: ^0.22.0
    ow: ^0.27.0
    ts-mixer: ^6.0.0
    tslib: ^2.3.0
  checksum: 064bd547b63a8cc593b3f8b0e290cb1c27cf335a89addd77aeb078055a92201a6905d0a67919004da0c915d01c0104383c5c06a07df751e4a4e921d7a000f6e3
  languageName: node
  linkType: hard

"@discordjs/collection@npm:^0.2.1":
  version: 0.2.1
  resolution: "@discordjs/collection@npm:0.2.1"
  checksum: e68d4bbf83b03bc18c7648d0f5c5669d1f1a394596bc2fcbb907284cff65657b28dbf165a1b8ccae20b6bc0726bc8a0a276d8adba8f9413502bb19d61b98598f
  languageName: node
  linkType: hard

"@discordjs/form-data@npm:^3.0.1":
  version: 3.0.1
  resolution: "@discordjs/form-data@npm:3.0.1"
  dependencies:
    asynckit: ^0.4.0
    combined-stream: ^1.0.8
    mime-types: ^2.1.12
  checksum: 2b431b1a14f8ac521e1c13567856cef7e61e05aafe2721e03d9e074bb7e5f45c89fc123b126964943edf301ec612d04515dcf068ea9773a2e30a99a844c00603
  languageName: node
  linkType: hard

"@sapphire/async-queue@npm:^1.1.4":
  version: 1.1.4
  resolution: "@sapphire/async-queue@npm:1.1.4"
  checksum: 416a8f3b1de7452b251a650c1b33d5bef829a7b6ef215ad58a0cc04847f247f17ebae1e9424a26f29ec2e36d2f98294e71cdafe20a32612356b4674dd4125ae0
  languageName: node
  linkType: hard

"@sindresorhus/is@npm:^4.0.1":
  version: 4.2.0
  resolution: "@sindresorhus/is@npm:4.2.0"
  checksum: 59040dfb75c2eb6ab76e8c7ac10b7f7f6ba740f0b5ac618a89a8bcdbaf923836a8e998078d59d81f6f13f4b6bbe15bfe1bca962c877edcbe9160d1c100c56fd7
  languageName: node
  linkType: hard

"@types/common-tags@npm:^1.8.1":
  version: 1.8.1
  resolution: "@types/common-tags@npm:1.8.1"
  checksum: bec6f68c8c434834380abd1dc057aa6ba26661bb0c65c700b65049e9b104d7be96a987d93dbe8726be68554a23a52514a6967d8903fdb51fb8c78cf909d1e4c1
  languageName: node
  linkType: hard

"@types/lodash@npm:^4.14.175":
  version: 4.14.175
  resolution: "@types/lodash@npm:4.14.175"
  checksum: 50721f33faa542f1b9f62f2ba769ed353c6036711e92bd89ce569f2ed247e38fb2a2899f6fd46466b1690fea7ae0239471e6a6093c54e8f2b0613e43e8eac19c
  languageName: node
  linkType: hard

"@types/node@npm:*, @types/node@npm:^16.9.2":
  version: 16.10.2
  resolution: "@types/node@npm:16.10.2"
  checksum: 83c1c3c68e7500103908c3f16094e458879c840a719c15b6ea577f81fe1f24a1b3473bb6c8e8091fe79a82543ca7639c6b1088fcf80292ec091d1d1c9504a87e
  languageName: node
  linkType: hard

"@types/ws@npm:^7.4.7":
  version: 7.4.7
  resolution: "@types/ws@npm:7.4.7"
  dependencies:
    "@types/node": "*"
  checksum: b4c9b8ad209620c9b21e78314ce4ff07515c0cadab9af101c1651e7bfb992d7fd933bd8b9c99d110738fd6db523ed15f82f29f50b45510288da72e964dedb1a3
  languageName: node
  linkType: hard

"asynckit@npm:^0.4.0":
  version: 0.4.0
  resolution: "asynckit@npm:0.4.0"
  checksum: 7b78c451df768adba04e2d02e63e2d0bf3b07adcd6e42b4cf665cb7ce899bedd344c69a1dcbce355b5f972d597b25aaa1c1742b52cffd9caccb22f348114f6be
  languageName: node
  linkType: hard

"balanced-match@npm:^1.0.0":
  version: 1.0.2
  resolution: "balanced-match@npm:1.0.2"
  checksum: 9706c088a283058a8a99e0bf91b0a2f75497f185980d9ffa8b304de1d9e58ebda7c72c07ebf01dadedaac5b2907b2c6f566f660d62bd336c3468e960403b9d65
  languageName: node
  linkType: hard

"brace-expansion@npm:^1.1.7":
  version: 1.1.11
  resolution: "brace-expansion@npm:1.1.11"
  dependencies:
    balanced-match: ^1.0.0
    concat-map: 0.0.1
  checksum: faf34a7bb0c3fcf4b59c7808bc5d2a96a40988addf2e7e09dfbb67a2251800e0d14cd2bfc1aa79174f2f5095c54ff27f46fb1289fe2d77dac755b5eb3434cc07
  languageName: node
  linkType: hard

"buffer-from@npm:^1.0.0":
  version: 1.1.2
  resolution: "buffer-from@npm:1.1.2"
  checksum: 0448524a562b37d4d7ed9efd91685a5b77a50672c556ea254ac9a6d30e3403a517d8981f10e565db24e8339413b43c97ca2951f10e399c6125a0d8911f5679bb
  languageName: node
  linkType: hard

"callsites@npm:^3.1.0":
  version: 3.1.0
  resolution: "callsites@npm:3.1.0"
  checksum: 072d17b6abb459c2ba96598918b55868af677154bec7e73d222ef95a8fdb9bbf7dae96a8421085cdad8cd190d86653b5b6dc55a4484f2e5b2e27d5e0c3fc15b3
  languageName: node
  linkType: hard

"combined-stream@npm:^1.0.8":
  version: 1.0.8
  resolution: "combined-stream@npm:1.0.8"
  dependencies:
    delayed-stream: ~1.0.0
  checksum: 49fa4aeb4916567e33ea81d088f6584749fc90c7abec76fd516bf1c5aa5c79f3584b5ba3de6b86d26ddd64bae5329c4c7479343250cfe71c75bb366eae53bb7c
  languageName: node
  linkType: hard

"common-tags@npm:^1.8.0":
  version: 1.8.0
  resolution: "common-tags@npm:1.8.0"
  checksum: fb0cc9420d149176f2bd2b1fc9e6df622cd34eccaca60b276aa3253a7c9241e8a8ed1ec0702b2679eba7e47aeef721869c686bbd7257b75b5c44993c8462cd7f
  languageName: node
  linkType: hard

"concat-map@npm:0.0.1":
  version: 0.0.1
  resolution: "concat-map@npm:0.0.1"
  checksum: 902a9f5d8967a3e2faf138d5cb784b9979bad2e6db5357c5b21c568df4ebe62bcb15108af1b2253744844eb964fc023fbd9afbbbb6ddd0bcc204c6fb5b7bf3af
  languageName: node
  linkType: hard

"delayed-stream@npm:~1.0.0":
  version: 1.0.0
  resolution: "delayed-stream@npm:1.0.0"
  checksum: 46fe6e83e2cb1d85ba50bd52803c68be9bd953282fa7096f51fc29edd5d67ff84ff753c51966061e5ba7cb5e47ef6d36a91924eddb7f3f3483b1c560f77a0020
  languageName: node
  linkType: hard

discord-akairo-message-util@NotEnoughUpdates/discord-akairo-message-util:
  version: 1.0.0
  resolution: "discord-akairo-message-util@https://github.com/NotEnoughUpdates/discord-akairo-message-util.git#commit=9831d4f340bc8c3452d3dfef0497f7844dee0f29"
  checksum: 037722daf405eb7afebc47423e29a54816f5ab245e4aa0b0f99ad4ed32980839e1d1a399c12310acb1cabd6890d929d870223bddba4b6c2d107b5a79c4a37108
  languageName: node
  linkType: hard

"discord-akairo@github:NotEnoughUpdates/discord-akairo":
  version: 9.0.1
  resolution: "discord-akairo@https://github.com/NotEnoughUpdates/discord-akairo.git#commit=bff425ab7de74838c5036194feb50a6f9171a627"
  dependencies:
    discord-akairo-message-util: NotEnoughUpdates/discord-akairo-message-util
    lodash: ^4.17.21
    source-map-support: ^0.5.19
  checksum: b899dfed5b76576a4e5f38ae13df527af54c1b587f2650f5dc89b5ce612784457fe8ef20a3c17963c403de8342e0e92b33a02b908b2c04600297bdb9b73a1ed2
  languageName: node
  linkType: hard

"discord-api-types@npm:^0.22.0":
  version: 0.22.0
  resolution: "discord-api-types@npm:0.22.0"
  checksum: 673bcd960e394d8a3752bb03d50de44e74d508450e3d2cce947a69e0a6dc43c00196e18245c88dd26f3a8b0a56b40e0dbf52e058b7aabc7ed77f0f018003cb04
  languageName: node
  linkType: hard

"discord.js@npm:^13.1.0":
  version: 13.1.0
  resolution: "discord.js@npm:13.1.0"
  dependencies:
    "@discordjs/builders": ^0.5.0
    "@discordjs/collection": ^0.2.1
    "@discordjs/form-data": ^3.0.1
    "@sapphire/async-queue": ^1.1.4
    "@types/ws": ^7.4.7
    discord-api-types: ^0.22.0
    node-fetch: ^2.6.1
    ws: ^7.5.1
  checksum: 90f629be6296c89bfa25bd8a2bb486c3e00deb25fd1e0ae931658ee3f58e83fbe5e205180ab795aa39a2614c74d4dc9e8bb5aa0c9b3a7ebdcf03992f18602372
  languageName: node
  linkType: hard

"dot-prop@npm:^6.0.1":
  version: 6.0.1
  resolution: "dot-prop@npm:6.0.1"
  dependencies:
    is-obj: ^2.0.0
  checksum: 0f47600a4b93e1dc37261da4e6909652c008832a5d3684b5bf9a9a0d3f4c67ea949a86dceed9b72f5733ed8e8e6383cc5958df3bbd0799ee317fd181f2ece700
  languageName: node
  linkType: hard

"fs.realpath@npm:^1.0.0":
  version: 1.0.0
  resolution: "fs.realpath@npm:1.0.0"
  checksum: 99ddea01a7e75aa276c250a04eedeffe5662bce66c65c07164ad6264f9de18fb21be9433ead460e54cff20e31721c811f4fb5d70591799df5f85dce6d6746fd0
  languageName: node
  linkType: hard

"glob@npm:^7.1.3":
  version: 7.2.0
  resolution: "glob@npm:7.2.0"
  dependencies:
    fs.realpath: ^1.0.0
    inflight: ^1.0.4
    inherits: 2
    minimatch: ^3.0.4
    once: ^1.3.0
    path-is-absolute: ^1.0.0
  checksum: 78a8ea942331f08ed2e055cb5b9e40fe6f46f579d7fd3d694f3412fe5db23223d29b7fee1575440202e9a7ff9a72ab106a39fee39934c7bedafe5e5f8ae20134
  languageName: node
  linkType: hard

"inflight@npm:^1.0.4":
  version: 1.0.6
  resolution: "inflight@npm:1.0.6"
  dependencies:
    once: ^1.3.0
    wrappy: 1
  checksum: f4f76aa072ce19fae87ce1ef7d221e709afb59d445e05d47fba710e85470923a75de35bfae47da6de1b18afc3ce83d70facf44cfb0aff89f0a3f45c0a0244dfd
  languageName: node
  linkType: hard

"inherits@npm:2":
  version: 2.0.4
  resolution: "inherits@npm:2.0.4"
  checksum: 4a48a733847879d6cf6691860a6b1e3f0f4754176e4d71494c41f3475553768b10f84b5ce1d40fbd0e34e6bfbb864ee35858ad4dd2cf31e02fc4a154b724d7f1
  languageName: node
  linkType: hard

"is-obj@npm:^2.0.0":
  version: 2.0.0
  resolution: "is-obj@npm:2.0.0"
  checksum: c9916ac8f4621962a42f5e80e7ffdb1d79a3fab7456ceaeea394cd9e0858d04f985a9ace45be44433bf605673c8be8810540fe4cc7f4266fc7526ced95af5a08
  languageName: node
  linkType: hard

"lodash.isequal@npm:^4.5.0":
  version: 4.5.0
  resolution: "lodash.isequal@npm:4.5.0"
  checksum: da27515dc5230eb1140ba65ff8de3613649620e8656b19a6270afe4866b7bd461d9ba2ac8a48dcc57f7adac4ee80e1de9f965d89d4d81a0ad52bb3eec2609644
  languageName: node
  linkType: hard

"lodash@npm:^4.17.21":
  version: 4.17.21
  resolution: "lodash@npm:4.17.21"
  checksum: eb835a2e51d381e561e508ce932ea50a8e5a68f4ebdd771ea240d3048244a8d13658acbd502cd4829768c56f2e16bdd4340b9ea141297d472517b83868e677f7
  languageName: node
  linkType: hard

"mime-db@npm:1.50.0":
  version: 1.50.0
  resolution: "mime-db@npm:1.50.0"
  checksum: 95fcc19c3664ae72391c8a7e4015dde7fb6817c98c951493ca3a1d48050feb8ee08810a372ce7d9e16310042d26e5bda168916f600583a9a583655eeea8ff5f5
  languageName: node
  linkType: hard

"mime-types@npm:^2.1.12":
  version: 2.1.33
  resolution: "mime-types@npm:2.1.33"
  dependencies:
    mime-db: 1.50.0
  checksum: 05f2a0b3f169fbc51d79bdc7674ceb379dd07dbeadb0143059a7def865224686ee9f9051aeb340e98b6c11dbc06794ce0122181db4312cb1ad054fd90b0d510e
  languageName: node
  linkType: hard

"minimatch@npm:^3.0.4":
  version: 3.0.4
  resolution: "minimatch@npm:3.0.4"
  dependencies:
    brace-expansion: ^1.1.7
  checksum: 66ac295f8a7b59788000ea3749938b0970344c841750abd96694f80269b926ebcafad3deeb3f1da2522978b119e6ae3a5869b63b13a7859a456b3408bd18a078
  languageName: node
  linkType: hard

"node-fetch@npm:^2.6.1":
  version: 2.6.5
  resolution: "node-fetch@npm:2.6.5"
  dependencies:
    whatwg-url: ^5.0.0
  checksum: 4e83db450718e70762882f00d96f647a7f2f3170035225934ddd5450cb1d91ef339ceb180d3687bcb0a6ed78c3fa5636ce8d3e44ec81ab59e0224ebf8965f65f
  languageName: node
  linkType: hard

"once@npm:^1.3.0":
  version: 1.4.0
  resolution: "once@npm:1.4.0"
  dependencies:
    wrappy: 1
  checksum: cd0a88501333edd640d95f0d2700fbde6bff20b3d4d9bdc521bdd31af0656b5706570d6c6afe532045a20bb8dc0849f8332d6f2a416e0ba6d3d3b98806c7db68
  languageName: node
  linkType: hard

"ow@npm:^0.27.0":
  version: 0.27.0
  resolution: "ow@npm:0.27.0"
  dependencies:
    "@sindresorhus/is": ^4.0.1
    callsites: ^3.1.0
    dot-prop: ^6.0.1
    lodash.isequal: ^4.5.0
    type-fest: ^1.2.1
    vali-date: ^1.0.0
  checksum: bffd6fa43d004163bab9821fae4d2eceee92d70059ba2a5dca1ad7497cd167554224a7efab3d41476112fbab4714afa99b8866506e8b9bad5d690cf967146332
  languageName: node
  linkType: hard

"path-is-absolute@npm:^1.0.0":
  version: 1.0.1
  resolution: "path-is-absolute@npm:1.0.1"
  checksum: 060840f92cf8effa293bcc1bea81281bd7d363731d214cbe5c227df207c34cd727430f70c6037b5159c8a870b9157cba65e775446b0ab06fd5ecc7e54615a3b8
  languageName: node
  linkType: hard

"place@workspace:.":
  version: 0.0.0-use.local
  resolution: "place@workspace:."
  dependencies:
    "@types/common-tags": ^1.8.1
    "@types/lodash": ^4.14.175
    "@types/node": ^16.9.2
    common-tags: ^1.8.0
    discord-akairo: "github:NotEnoughUpdates/discord-akairo"
    discord.js: ^13.1.0
    rimraf: ^3.0.2
    typescript: ^4.4.3
  languageName: unknown
  linkType: soft

"rimraf@npm:^3.0.2":
  version: 3.0.2
  resolution: "rimraf@npm:3.0.2"
  dependencies:
    glob: ^7.1.3
  bin:
    rimraf: bin.js
  checksum: 87f4164e396f0171b0a3386cc1877a817f572148ee13a7e113b238e48e8a9f2f31d009a92ec38a591ff1567d9662c6b67fd8818a2dbbaed74bc26a87a2a4a9a0
  languageName: node
  linkType: hard

"source-map-support@npm:^0.5.19":
  version: 0.5.20
  resolution: "source-map-support@npm:0.5.20"
  dependencies:
    buffer-from: ^1.0.0
    source-map: ^0.6.0
  checksum: 43946aff452011960d16154304b11011e0185549493e65dd90da045959409fb2d266ba1c854fff3d5949f8e59382e3fcc7f7c5fa66136007a6750ad06c6c0baa
  languageName: node
  linkType: hard

"source-map@npm:^0.6.0":
  version: 0.6.1
  resolution: "source-map@npm:0.6.1"
  checksum: 59ce8640cf3f3124f64ac289012c2b8bd377c238e316fb323ea22fbfe83da07d81e000071d7242cad7a23cd91c7de98e4df8830ec3f133cb6133a5f6e9f67bc2
  languageName: node
  linkType: hard

"tr46@npm:~0.0.3":
  version: 0.0.3
  resolution: "tr46@npm:0.0.3"
  checksum: 726321c5eaf41b5002e17ffbd1fb7245999a073e8979085dacd47c4b4e8068ff5777142fc6726d6ca1fd2ff16921b48788b87225cbc57c72636f6efa8efbffe3
  languageName: node
  linkType: hard

"ts-mixer@npm:^6.0.0":
  version: 6.0.0
  resolution: "ts-mixer@npm:6.0.0"
  checksum: 791a513c9ca318a979928f5265fd6029858fa21595153a9386063c11239a6b1c352db1e277c19f0544d017a67cf78d120a7438b86b2c828b1115eb607538eff8
  languageName: node
  linkType: hard

"tslib@npm:^2.3.0":
  version: 2.3.1
  resolution: "tslib@npm:2.3.1"
  checksum: de17a98d4614481f7fcb5cd53ffc1aaf8654313be0291e1bfaee4b4bb31a20494b7d218ff2e15017883e8ea9626599b3b0e0229c18383ba9dce89da2adf15cb9
  languageName: node
  linkType: hard

"type-fest@npm:^1.2.1":
  version: 1.4.0
  resolution: "type-fest@npm:1.4.0"
  checksum: b011c3388665b097ae6a109a437a04d6f61d81b7357f74cbcb02246f2f5bd72b888ae33631b99871388122ba0a87f4ff1c94078e7119ff22c70e52c0ff828201
  languageName: node
  linkType: hard

typescript@^4.4.3:
  version: 4.4.3
  resolution: "typescript@npm:4.4.3"
  bin:
    tsc: bin/tsc
    tsserver: bin/tsserver
  checksum: 05823f21796d450531a7e4ab299715d38fd9ded0e4ce7400876053f4b5166ca3dde7a68cecfe72d9086039f03c0b6edba36516fb10ed83c5837d9600532ea4c2
  languageName: node
  linkType: hard

"typescript@patch:typescript@^4.4.3#~builtin<compat/typescript>":
  version: 4.4.3
  resolution: "typescript@patch:typescript@npm%3A4.4.3#~builtin<compat/typescript>::version=4.4.3&hash=32657b"
  bin:
    tsc: bin/tsc
    tsserver: bin/tsserver
  checksum: 28ab98313afab46788ff41014fdb5932430ada6e03cf9e92ac47f406526a2cac1ae2894834e7da61e46b7429318e9c47f45ba8de323332f0cb9af99b72ebae74
  languageName: node
  linkType: hard

"vali-date@npm:^1.0.0":
  version: 1.0.0
  resolution: "vali-date@npm:1.0.0"
  checksum: 6464369cb77003a966591f2bd17b7c938c480956992e254b3455fd1651a3b7633e23aac8a03b974bbdfbd2357da52b98d46357bb6f292ffd28768a6d3959e61e
  languageName: node
  linkType: hard

"webidl-conversions@npm:^3.0.0":
  version: 3.0.1
  resolution: "webidl-conversions@npm:3.0.1"
  checksum: c92a0a6ab95314bde9c32e1d0a6dfac83b578f8fa5f21e675bc2706ed6981bc26b7eb7e6a1fab158e5ce4adf9caa4a0aee49a52505d4d13c7be545f15021b17c
  languageName: node
  linkType: hard

"whatwg-url@npm:^5.0.0":
  version: 5.0.0
  resolution: "whatwg-url@npm:5.0.0"
  dependencies:
    tr46: ~0.0.3
    webidl-conversions: ^3.0.0
  checksum: b8daed4ad3356cc4899048a15b2c143a9aed0dfae1f611ebd55073310c7b910f522ad75d727346ad64203d7e6c79ef25eafd465f4d12775ca44b90fa82ed9e2c
  languageName: node
  linkType: hard

"wrappy@npm:1":
  version: 1.0.2
  resolution: "wrappy@npm:1.0.2"
  checksum: 159da4805f7e84a3d003d8841557196034155008f817172d4e986bd591f74aa82aa7db55929a54222309e01079a65a92a9e6414da5a6aa4b01ee44a511ac3ee5
  languageName: node
  linkType: hard

"ws@npm:^7.5.1":
  version: 7.5.5
  resolution: "ws@npm:7.5.5"
  peerDependencies:
    bufferutil: ^4.0.1
    utf-8-validate: ^5.0.2
  peerDependenciesMeta:
    bufferutil:
      optional: true
    utf-8-validate:
      optional: true
  checksum: bd2b437256012af526c69c03d6670a132e7ab0fe5853f3b7092826acea4203fad4ee2a8d0d9bd44834b2b968e747bf34f753ab535f4a3edf40d262da4b1d0805
  languageName: node
  linkType: hard
